{
  "name": "test",
  "version": "0.0.0",
  "lockfileVersion": 1,
  "requires": true,
  "dependencies": {
    "depexample-2": {
      "version": "0.15.3",
      "resolved": "https://registry.npmjs.org/depexample-2/-/depexample-2-0.15.3.tgz",
      "integrity": "sha1-UBP5+ZAj31DRvZiSwZ4979HVMwk="
    },
    "depexample-1": {
      "version": "1.12.3",
      "resolved": "https://registry.npmjs.org/depexample-1/-/depexample-1-1.12.3.tgz",
      "integrity": "sha1-n0uhni8wMMVH+K+ZEHg47DjVseI=",
      "requires": {
        "depexample-2": "0.15.3"
      }
    }
  }
}
